// !$*UTF8*$!
{
	archiveVersion = 1;
	classes = {
	};
	objectVersion = 46;
	objects = {

/* Begin PBXBuildFile section */
		50240BE3161855AC00A03C5C /* JBDottedBox.m in Sources */ = {isa = PBXBuildFile; fileRef = 50240BE2161855AC00A03C5C /* JBDottedBox.m */; };
		50240BE616186B0500A03C5C /* CellContentEditor.storyboard in Resources */ = {isa = PBXBuildFile; fileRef = 50240BE516186B0500A03C5C /* CellContentEditor.storyboard */; };
		50240BED16186F0E00A03C5C /* JBCellContent.m in Sources */ = {isa = PBXBuildFile; fileRef = 50240BEC16186F0E00A03C5C /* JBCellContent.m */; };
		50240BF21618711B00A03C5C /* JBCellContentEditorViewController.m in Sources */ = {isa = PBXBuildFile; fileRef = 50240BF11618711B00A03C5C /* JBCellContentEditorViewController.m */; };
		502485621615F1CC0099E1AF /* UIKit.framework in Frameworks */ = {isa = PBXBuildFile; fileRef = 502485611615F1CC0099E1AF /* UIKit.framework */; };
		502485641615F1CC0099E1AF /* Foundation.framework in Frameworks */ = {isa = PBXBuildFile; fileRef = 502485631615F1CC0099E1AF /* Foundation.framework */; };
		502485661615F1CC0099E1AF /* CoreGraphics.framework in Frameworks */ = {isa = PBXBuildFile; fileRef = 502485651615F1CC0099E1AF /* CoreGraphics.framework */; };
		5024856C1615F1CC0099E1AF /* InfoPlist.strings in Resources */ = {isa = PBXBuildFile; fileRef = 5024856A1615F1CC0099E1AF /* InfoPlist.strings */; };
		5024856E1615F1CC0099E1AF /* main.m in Sources */ = {isa = PBXBuildFile; fileRef = 5024856D1615F1CC0099E1AF /* main.m */; };
		502485721615F1CC0099E1AF /* JBAppDelegate.m in Sources */ = {isa = PBXBuildFile; fileRef = 502485711615F1CC0099E1AF /* JBAppDelegate.m */; };
		502485741615F1CC0099E1AF /* Default.png in Resources */ = {isa = PBXBuildFile; fileRef = 502485731615F1CC0099E1AF /* Default.png */; };
		502485761615F1CC0099E1AF /* Default@2x.png in Resources */ = {isa = PBXBuildFile; fileRef = 502485751615F1CC0099E1AF /* Default@2x.png */; };
		502485781615F1CC0099E1AF /* Default-568h@2x.png in Resources */ = {isa = PBXBuildFile; fileRef = 502485771615F1CC0099E1AF /* Default-568h@2x.png */; };
		502485A41615FB690099E1AF /* JBDrumPadViewController.m in Sources */ = {isa = PBXBuildFile; fileRef = 502485A31615FB690099E1AF /* JBDrumPadViewController.m */; };
		502485A71616FA230099E1AF /* JBJingleCell.m in Sources */ = {isa = PBXBuildFile; fileRef = 502485A61616FA230099E1AF /* JBJingleCell.m */; };
		D4A9D5DDE7AA4D4BA1271CB1 /* libPods.a in Frameworks */ = {isa = PBXBuildFile; fileRef = 1D5F05A626B6424C9BE3C63D /* libPods.a */; };
/* End PBXBuildFile section */

/* Begin PBXFileReference section */
		1D5F05A626B6424C9BE3C63D /* libPods.a */ = {isa = PBXFileReference; explicitFileType = archive.ar; includeInIndex = 0; path = libPods.a; sourceTree = BUILT_PRODUCTS_DIR; };
		50240BE1161855AC00A03C5C /* JBDottedBox.h */ = {isa = PBXFileReference; fileEncoding = 4; lastKnownFileType = sourcecode.c.h; path = JBDottedBox.h; sourceTree = "<group>"; };
		50240BE2161855AC00A03C5C /* JBDottedBox.m */ = {isa = PBXFileReference; fileEncoding = 4; lastKnownFileType = sourcecode.c.objc; path = JBDottedBox.m; sourceTree = "<group>"; };
		50240BE516186B0500A03C5C /* CellContentEditor.storyboard */ = {isa = PBXFileReference; fileEncoding = 4; lastKnownFileType = file.storyboard; path = CellContentEditor.storyboard; sourceTree = "<group>"; };
		50240BEB16186F0E00A03C5C /* JBCellContent.h */ = {isa = PBXFileReference; fileEncoding = 4; lastKnownFileType = sourcecode.c.h; path = JBCellContent.h; sourceTree = "<group>"; };
		50240BEC16186F0E00A03C5C /* JBCellContent.m */ = {isa = PBXFileReference; fileEncoding = 4; lastKnownFileType = sourcecode.c.objc; path = JBCellContent.m; sourceTree = "<group>"; };
		50240BF01618711B00A03C5C /* JBCellContentEditorViewController.h */ = {isa = PBXFileReference; fileEncoding = 4; lastKnownFileType = sourcecode.c.h; path = JBCellContentEditorViewController.h; sourceTree = "<group>"; };
		50240BF11618711B00A03C5C /* JBCellContentEditorViewController.m */ = {isa = PBXFileReference; fileEncoding = 4; lastKnownFileType = sourcecode.c.objc; path = JBCellContentEditorViewController.m; sourceTree = "<group>"; };
		5024855D1615F1CC0099E1AF /* JingleBoard.app */ = {isa = PBXFileReference; explicitFileType = wrapper.application; includeInIndex = 0; path = JingleBoard.app; sourceTree = BUILT_PRODUCTS_DIR; };
		502485611615F1CC0099E1AF /* UIKit.framework */ = {isa = PBXFileReference; includeInIndex = 1; lastKnownFileType = wrapper.framework; name = UIKit.framework; path = System/Library/Frameworks/UIKit.framework; sourceTree = SDKROOT; };
		502485631615F1CC0099E1AF /* Foundation.framework */ = {isa = PBXFileReference; includeInIndex = 1; lastKnownFileType = wrapper.framework; name = Foundation.framework; path = System/Library/Frameworks/Foundation.framework; sourceTree = SDKROOT; };
		502485651615F1CC0099E1AF /* CoreGraphics.framework */ = {isa = PBXFileReference; includeInIndex = 1; lastKnownFileType = wrapper.framework; name = CoreGraphics.framework; path = System/Library/Frameworks/CoreGraphics.framework; sourceTree = SDKROOT; };
		502485691615F1CC0099E1AF /* JingleBoard-Info.plist */ = {isa = PBXFileReference; lastKnownFileType = text.plist.xml; path = "JingleBoard-Info.plist"; sourceTree = "<group>"; };
		5024856B1615F1CC0099E1AF /* en */ = {isa = PBXFileReference; lastKnownFileType = text.plist.strings; name = en; path = en.lproj/InfoPlist.strings; sourceTree = "<group>"; };
		5024856D1615F1CC0099E1AF /* main.m */ = {isa = PBXFileReference; lastKnownFileType = sourcecode.c.objc; path = main.m; sourceTree = "<group>"; };
		5024856F1615F1CC0099E1AF /* JingleBoard-Prefix.pch */ = {isa = PBXFileReference; lastKnownFileType = sourcecode.c.h; path = "JingleBoard-Prefix.pch"; sourceTree = "<group>"; };
		502485701615F1CC0099E1AF /* JBAppDelegate.h */ = {isa = PBXFileReference; lastKnownFileType = sourcecode.c.h; path = JBAppDelegate.h; sourceTree = "<group>"; };
		502485711615F1CC0099E1AF /* JBAppDelegate.m */ = {isa = PBXFileReference; lastKnownFileType = sourcecode.c.objc; path = JBAppDelegate.m; sourceTree = "<group>"; };
		502485731615F1CC0099E1AF /* Default.png */ = {isa = PBXFileReference; lastKnownFileType = image.png; path = Default.png; sourceTree = "<group>"; };
		502485751615F1CC0099E1AF /* Default@2x.png */ = {isa = PBXFileReference; lastKnownFileType = image.png; path = "Default@2x.png"; sourceTree = "<group>"; };
		502485771615F1CC0099E1AF /* Default-568h@2x.png */ = {isa = PBXFileReference; lastKnownFileType = image.png; path = "Default-568h@2x.png"; sourceTree = "<group>"; };
		502485A21615FB690099E1AF /* JBDrumPadViewController.h */ = {isa = PBXFileReference; fileEncoding = 4; lastKnownFileType = sourcecode.c.h; path = JBDrumPadViewController.h; sourceTree = "<group>"; };
		502485A31615FB690099E1AF /* JBDrumPadViewController.m */ = {isa = PBXFileReference; fileEncoding = 4; lastKnownFileType = sourcecode.c.objc; path = JBDrumPadViewController.m; sourceTree = "<group>"; };
		502485A51616FA230099E1AF /* JBJingleCell.h */ = {isa = PBXFileReference; fileEncoding = 4; lastKnownFileType = sourcecode.c.h; path = JBJingleCell.h; sourceTree = "<group>"; };
		502485A61616FA230099E1AF /* JBJingleCell.m */ = {isa = PBXFileReference; fileEncoding = 4; lastKnownFileType = sourcecode.c.objc; path = JBJingleCell.m; sourceTree = "<group>"; };
		6BDA59C976DF457385E0B297 /* Pods.xcconfig */ = {isa = PBXFileReference; includeInIndex = 1; lastKnownFileType = text.xcconfig; name = Pods.xcconfig; path = Pods/Pods.xcconfig; sourceTree = SOURCE_ROOT; };
/* End PBXFileReference section */

/* Begin PBXFrameworksBuildPhase section */
		5024855A1615F1CC0099E1AF /* Frameworks */ = {
			isa = PBXFrameworksBuildPhase;
			buildActionMask = 2147483647;
			files = (
				502485621615F1CC0099E1AF /* UIKit.framework in Frameworks */,
				502485641615F1CC0099E1AF /* Foundation.framework in Frameworks */,
				502485661615F1CC0099E1AF /* CoreGraphics.framework in Frameworks */,
				D4A9D5DDE7AA4D4BA1271CB1 /* libPods.a in Frameworks */,
			);
			runOnlyForDeploymentPostprocessing = 0;
		};
/* End PBXFrameworksBuildPhase section */

/* Begin PBXGroup section */
		502485521615F1CC0099E1AF = {
			isa = PBXGroup;
			children = (
				502485671615F1CC0099E1AF /* JingleBoard */,
				502485601615F1CC0099E1AF /* Frameworks */,
				5024855E1615F1CC0099E1AF /* Products */,
				6BDA59C976DF457385E0B297 /* Pods.xcconfig */,
			);
			sourceTree = "<group>";
		};
		5024855E1615F1CC0099E1AF /* Products */ = {
			isa = PBXGroup;
			children = (
				5024855D1615F1CC0099E1AF /* JingleBoard.app */,
			);
			name = Products;
			sourceTree = "<group>";
		};
		502485601615F1CC0099E1AF /* Frameworks */ = {
			isa = PBXGroup;
			children = (
				502485611615F1CC0099E1AF /* UIKit.framework */,
				502485631615F1CC0099E1AF /* Foundation.framework */,
				502485651615F1CC0099E1AF /* CoreGraphics.framework */,
				1D5F05A626B6424C9BE3C63D /* libPods.a */,
			);
			name = Frameworks;
			sourceTree = "<group>";
		};
		502485671615F1CC0099E1AF /* JingleBoard */ = {
			isa = PBXGroup;
			children = (
				502485701615F1CC0099E1AF /* JBAppDelegate.h */,
				502485711615F1CC0099E1AF /* JBAppDelegate.m */,
				502485681615F1CC0099E1AF /* Supporting Files */,
				502485A21615FB690099E1AF /* JBDrumPadViewController.h */,
				502485A31615FB690099E1AF /* JBDrumPadViewController.m */,
				502485A51616FA230099E1AF /* JBJingleCell.h */,
				502485A61616FA230099E1AF /* JBJingleCell.m */,
				50240BE1161855AC00A03C5C /* JBDottedBox.h */,
				50240BE2161855AC00A03C5C /* JBDottedBox.m */,
				50240BE516186B0500A03C5C /* CellContentEditor.storyboard */,
				50240BEB16186F0E00A03C5C /* JBCellContent.h */,
				50240BEC16186F0E00A03C5C /* JBCellContent.m */,
				50240BF01618711B00A03C5C /* JBCellContentEditorViewController.h */,
				50240BF11618711B00A03C5C /* JBCellContentEditorViewController.m */,
			);
			path = JingleBoard;
			sourceTree = "<group>";
		};
		502485681615F1CC0099E1AF /* Supporting Files */ = {
			isa = PBXGroup;
			children = (
				502485691615F1CC0099E1AF /* JingleBoard-Info.plist */,
				5024856A1615F1CC0099E1AF /* InfoPlist.strings */,
				5024856D1615F1CC0099E1AF /* main.m */,
				5024856F1615F1CC0099E1AF /* JingleBoard-Prefix.pch */,
				502485731615F1CC0099E1AF /* Default.png */,
				502485751615F1CC0099E1AF /* Default@2x.png */,
				502485771615F1CC0099E1AF /* Default-568h@2x.png */,
			);
			name = "Supporting Files";
			sourceTree = "<group>";
		};
/* End PBXGroup section */

/* Begin PBXNativeTarget section */
		5024855C1615F1CC0099E1AF /* JingleBoard */ = {
			isa = PBXNativeTarget;
			buildConfigurationList = 502485811615F1CC0099E1AF /* Build configuration list for PBXNativeTarget "JingleBoard" */;
			buildPhases = (
				502485591615F1CC0099E1AF /* Sources */,
				5024855A1615F1CC0099E1AF /* Frameworks */,
				5024855B1615F1CC0099E1AF /* Resources */,
				F6858FDE882A4356B65A66DE /* Copy Pods Resources */,
			);
			buildRules = (
			);
			dependencies = (
			);
			name = JingleBoard;
			productName = JingleBoard;
			productReference = 5024855D1615F1CC0099E1AF /* JingleBoard.app */;
			productType = "com.apple.product-type.application";
		};
/* End PBXNativeTarget section */

/* Begin PBXProject section */
		502485541615F1CC0099E1AF /* Project object */ = {
			isa = PBXProject;
			attributes = {
				CLASSPREFIX = JB;
				LastUpgradeCheck = 0450;
				ORGANIZATIONNAME = "Max Winde";
			};
			buildConfigurationList = 502485571615F1CC0099E1AF /* Build configuration list for PBXProject "JingleBoard" */;
			compatibilityVersion = "Xcode 3.2";
			developmentRegion = English;
			hasScannedForEncodings = 0;
			knownRegions = (
				en,
			);
			mainGroup = 502485521615F1CC0099E1AF;
			productRefGroup = 5024855E1615F1CC0099E1AF /* Products */;
			projectDirPath = "";
			projectRoot = "";
			targets = (
				5024855C1615F1CC0099E1AF /* JingleBoard */,
			);
		};
/* End PBXProject section */

/* Begin PBXResourcesBuildPhase section */
		5024855B1615F1CC0099E1AF /* Resources */ = {
			isa = PBXResourcesBuildPhase;
			buildActionMask = 2147483647;
			files = (
				5024856C1615F1CC0099E1AF /* InfoPlist.strings in Resources */,
				502485741615F1CC0099E1AF /* Default.png in Resources */,
				502485761615F1CC0099E1AF /* Default@2x.png in Resources */,
				502485781615F1CC0099E1AF /* Default-568h@2x.png in Resources */,
				50240BE616186B0500A03C5C /* CellContentEditor.storyboard in Resources */,
			);
			runOnlyForDeploymentPostprocessing = 0;
		};
/* End PBXResourcesBuildPhase section */

/* Begin PBXShellScriptBuildPhase section */
		F6858FDE882A4356B65A66DE /* Copy Pods Resources */ = {
			isa = PBXShellScriptBuildPhase;
			buildActionMask = 2147483647;
			files = (
			);
			inputPaths = (
			);
			name = "Copy Pods Resources";
			outputPaths = (
			);
			runOnlyForDeploymentPostprocessing = 0;
			shellPath = /bin/sh;
			shellScript = "\"${SRCROOT}/Pods/Pods-resources.sh\"\n";
		};
/* End PBXShellScriptBuildPhase section */

/* Begin PBXSourcesBuildPhase section */
		502485591615F1CC0099E1AF /* Sources */ = {
			isa = PBXSourcesBuildPhase;
			buildActionMask = 2147483647;
			files = (
				5024856E1615F1CC0099E1AF /* main.m in Sources */,
				502485721615F1CC0099E1AF /* JBAppDelegate.m in Sources */,
				502485A41615FB690099E1AF /* JBDrumPadViewController.m in Sources */,
				502485A71616FA230099E1AF /* JBJingleCell.m in Sources */,
				50240BE3161855AC00A03C5C /* JBDottedBox.m in Sources */,
				50240BED16186F0E00A03C5C /* JBCellContent.m in Sources */,
				50240BF21618711B00A03C5C /* JBCellContentEditorViewController.m in Sources */,
			);
			runOnlyForDeploymentPostprocessing = 0;
		};
/* End PBXSourcesBuildPhase section */

/* Begin PBXVariantGroup section */
		5024856A1615F1CC0099E1AF /* InfoPlist.strings */ = {
			isa = PBXVariantGroup;
			children = (
				5024856B1615F1CC0099E1AF /* en */,
			);
			name = InfoPlist.strings;
			sourceTree = "<group>";
		};
/* End PBXVariantGroup section */

/* Begin XCBuildConfiguration section */
		5024857F1615F1CC0099E1AF /* Debug */ = {
			isa = XCBuildConfiguration;
			buildSettings = {
				ALWAYS_SEARCH_USER_PATHS = NO;
				CLANG_CXX_LANGUAGE_STANDARD = "gnu++0x";
				CLANG_CXX_LIBRARY = "libc++";
				CLANG_ENABLE_OBJC_ARC = YES;
				CLANG_WARN_EMPTY_BODY = YES;
				CLANG_WARN__DUPLICATE_METHOD_MATCH = YES;
				"CODE_SIGN_IDENTITY[sdk=iphoneos*]" = "iPhone Developer";
				COPY_PHASE_STRIP = NO;
				GCC_C_LANGUAGE_STANDARD = gnu99;
				GCC_DYNAMIC_NO_PIC = NO;
				GCC_OPTIMIZATION_LEVEL = 0;
				GCC_PREPROCESSOR_DEFINITIONS = (
					"DEBUG=1",
					"$(inherited)",
				);
				GCC_SYMBOLS_PRIVATE_EXTERN = NO;
				GCC_WARN_ABOUT_RETURN_TYPE = YES;
				GCC_WARN_UNINITIALIZED_AUTOS = YES;
				GCC_WARN_UNUSED_VARIABLE = YES;
				IPHONEOS_DEPLOYMENT_TARGET = 6.0;
				SDKROOT = iphoneos;
				TARGETED_DEVICE_FAMILY = 2;
			};
			name = Debug;
		};
		502485801615F1CC0099E1AF /* Release */ = {
			isa = XCBuildConfiguration;
			buildSettings = {
				ALWAYS_SEARCH_USER_PATHS = NO;
				CLANG_CXX_LANGUAGE_STANDARD = "gnu++0x";
				CLANG_CXX_LIBRARY = "libc++";
				CLANG_ENABLE_OBJC_ARC = YES;
				CLANG_WARN_EMPTY_BODY = YES;
				CLANG_WARN__DUPLICATE_METHOD_MATCH = YES;
				"CODE_SIGN_IDENTITY[sdk=iphoneos*]" = "iPhone Developer";
				COPY_PHASE_STRIP = YES;
				GCC_C_LANGUAGE_STANDARD = gnu99;
				GCC_WARN_ABOUT_RETURN_TYPE = YES;
				GCC_WARN_UNINITIALIZED_AUTOS = YES;
				GCC_WARN_UNUSED_VARIABLE = YES;
				IPHONEOS_DEPLOYMENT_TARGET = 6.0;
				OTHER_CFLAGS = "-DNS_BLOCK_ASSERTIONS=1";
				SDKROOT = iphoneos;
				TARGETED_DEVICE_FAMILY = 2;
				VALIDATE_PRODUCT = YES;
			};
			name = Release;
		};
		502485821615F1CC0099E1AF /* Debug */ = {
			isa = XCBuildConfiguration;
			baseConfigurationReference = 6BDA59C976DF457385E0B297 /* Pods.xcconfig */;
			buildSettings = {
				GCC_PRECOMPILE_PREFIX_HEADER = YES;
				GCC_PREFIX_HEADER = "JingleBoard/JingleBoard-Prefix.pch";
				INFOPLIST_FILE = "JingleBoard/JingleBoard-Info.plist";
				PRODUCT_NAME = "$(TARGET_NAME)";
				WRAPPER_EXTENSION = app;
			};
			name = Debug;
		};
		502485831615F1CC0099E1AF /* Release */ = {
			isa = XCBuildConfiguration;
			baseConfigurationReference = 6BDA59C976DF457385E0B297 /* Pods.xcconfig */;
			buildSettings = {
				GCC_PRECOMPILE_PREFIX_HEADER = YES;
				GCC_PREFIX_HEADER = "JingleBoard/JingleBoard-Prefix.pch";
				INFOPLIST_FILE = "JingleBoard/JingleBoard-Info.plist";
				PRODUCT_NAME = "$(TARGET_NAME)";
				WRAPPER_EXTENSION = app;
			};
			name = Release;
		};
/* End XCBuildConfiguration section */

/* Begin XCConfigurationList section */
		502485571615F1CC0099E1AF /* Build configuration list for PBXProject "JingleBoard" */ = {
			isa = XCConfigurationList;
			buildConfigurations = (
				5024857F1615F1CC0099E1AF /* Debug */,
				502485801615F1CC0099E1AF /* Release */,
			);
			defaultConfigurationIsVisible = 0;
			defaultConfigurationName = Release;
		};
		502485811615F1CC0099E1AF /* Build configuration list for PBXNativeTarget "JingleBoard" */ = {
			isa = XCConfigurationList;
			buildConfigurations = (
				502485821615F1CC0099E1AF /* Debug */,
				502485831615F1CC0099E1AF /* Release */,
			);
			defaultConfigurationIsVisible = 0;
			defaultConfigurationName = Release;
		};
/* End XCConfigurationList section */
	};
	rootObject = 502485541615F1CC0099E1AF /* Project object */;
}
